
Microsoft Visual Studio Solution File, Format Version 12.00
# Visual Studio Version 17
VisualStudioVersion = 17.9.34714.143
MinimumVisualStudioVersion = 10.0.40219.1
Project("{2150E333-8FDC-42A3-9474-1A3956D46DE8}") = "Resources", "Resources", "{18F3B9A7-EC4B-4C77-B5C1-A0E81B0DE1D9}"
	ProjectSection(SolutionItems) = preProject
		README.md = README.md
	EndProjectSection
EndProject
Project("{2150E333-8FDC-42A3-9474-1A3956D46DE8}") = "Notes", "Notes", "{1E661164-A7F8-4273-AB9F-F8B9F28BD75F}"
	ProjectSection(SolutionItems) = preProject
		Resources\Notes\Notes.txt = Resources\Notes\Notes.txt
	EndProjectSection
EndProject
Project("{2150E333-8FDC-42A3-9474-1A3956D46DE8}") = "Data", "Data", "{C8BA138C-6603-4FBC-8033-5F6ED9E3D6D8}"
	ProjectSection(SolutionItems) = preProject
		Resources\Data\SDPSample.txt = Resources\Data\SDPSample.txt
	EndProjectSection
EndProject
Project("{2150E333-8FDC-42A3-9474-1A3956D46DE8}") = "NextArchitecture", "NextArchitecture", "{F707F9F7-8D82-47C3-A647-70841C12B645}"
	ProjectSection(SolutionItems) = preProject
		Resources\NextArchitecture\NextClientImpl.txt = Resources\NextArchitecture\NextClientImpl.txt
	EndProjectSection
EndProject
Project("{FAE04EC0-301F-11D3-BF4B-00C04F79EFBC}") = "RabbitOM.Net.Rtp", "RabbitOM.Net.Rtp\RabbitOM.Net.Rtp.csproj", "{77F0FC20-5148-405F-8F57-7B71F4DAB157}"
EndProject
Project("{FAE04EC0-301F-11D3-BF4B-00C04F79EFBC}") = "RabbitOM.Net.Rtsp", "RabbitOM.Net.Rtsp\RabbitOM.Net.Rtsp.csproj", "{85F15C51-D61F-487D-B018-9AEB2478E4EA}"
EndProject
Project("{FAE04EC0-301F-11D3-BF4B-00C04F79EFBC}") = "RabbitOM.Net.Sdp", "RabbitOM.Net.Sdp\RabbitOM.Net.Sdp.csproj", "{9BCE5EE8-43BA-418D-A1B1-A667E01E97D6}"
EndProject
Project("{FAE04EC0-301F-11D3-BF4B-00C04F79EFBC}") = "RabbitOM.Net.Sdp.Tests", "RabbitOM.Net.Sdp.Tests\RabbitOM.Net.Sdp.Tests.csproj", "{05A208B1-4414-4D7D-8FFA-C627C499FA28}"
EndProject
Project("{FAE04EC0-301F-11D3-BF4B-00C04F79EFBC}") = "RabbitOM.Net.Sdp.Tests.ConsoleApp", "RabbitOM.Net.Sdp.Tests.ConsoleApp\RabbitOM.Net.Sdp.Tests.ConsoleApp.csproj", "{95065E8B-82AD-4F59-9D96-BAB3F71FF817}"
EndProject
Project("{FAE04EC0-301F-11D3-BF4B-00C04F79EFBC}") = "RabbitOM.Net.Rtsp.Tests.ConsoleApp", "RabbitOM.Net.Rtsp.Tests.ConsoleApp\RabbitOM.Net.Rtsp.Tests.ConsoleApp.csproj", "{69175333-85EA-47ED-87B1-6810AC08229A}"
EndProject
Global
	GlobalSection(SolutionConfigurationPlatforms) = preSolution
		Debug|Any CPU = Debug|Any CPU
		Debug|x64 = Debug|x64
		Debug|x86 = Debug|x86
		Release|Any CPU = Release|Any CPU
		Release|x64 = Release|x64
		Release|x86 = Release|x86
	EndGlobalSection
	GlobalSection(ProjectConfigurationPlatforms) = postSolution
		{77F0FC20-5148-405F-8F57-7B71F4DAB157}.Debug|Any CPU.ActiveCfg = Debug|Any CPU
		{77F0FC20-5148-405F-8F57-7B71F4DAB157}.Debug|Any CPU.Build.0 = Debug|Any CPU
		{77F0FC20-5148-405F-8F57-7B71F4DAB157}.Debug|x64.ActiveCfg = Debug|Any CPU
		{77F0FC20-5148-405F-8F57-7B71F4DAB157}.Debug|x64.Build.0 = Debug|Any CPU
		{77F0FC20-5148-405F-8F57-7B71F4DAB157}.Debug|x86.ActiveCfg = Debug|Any CPU
		{77F0FC20-5148-405F-8F57-7B71F4DAB157}.Debug|x86.Build.0 = Debug|Any CPU
		{77F0FC20-5148-405F-8F57-7B71F4DAB157}.Release|Any CPU.ActiveCfg = Release|Any CPU
		{77F0FC20-5148-405F-8F57-7B71F4DAB157}.Release|Any CPU.Build.0 = Release|Any CPU
		{77F0FC20-5148-405F-8F57-7B71F4DAB157}.Release|x64.ActiveCfg = Release|Any CPU
		{77F0FC20-5148-405F-8F57-7B71F4DAB157}.Release|x64.Build.0 = Release|Any CPU
		{77F0FC20-5148-405F-8F57-7B71F4DAB157}.Release|x86.ActiveCfg = Release|Any CPU
		{77F0FC20-5148-405F-8F57-7B71F4DAB157}.Release|x86.Build.0 = Release|Any CPU
		{85F15C51-D61F-487D-B018-9AEB2478E4EA}.Debug|Any CPU.ActiveCfg = Debug|Any CPU
		{85F15C51-D61F-487D-B018-9AEB2478E4EA}.Debug|Any CPU.Build.0 = Debug|Any CPU
		{85F15C51-D61F-487D-B018-9AEB2478E4EA}.Debug|x64.ActiveCfg = Debug|Any CPU
		{85F15C51-D61F-487D-B018-9AEB2478E4EA}.Debug|x64.Build.0 = Debug|Any CPU
		{85F15C51-D61F-487D-B018-9AEB2478E4EA}.Debug|x86.ActiveCfg = Debug|Any CPU
		{85F15C51-D61F-487D-B018-9AEB2478E4EA}.Debug|x86.Build.0 = Debug|Any CPU
		{85F15C51-D61F-487D-B018-9AEB2478E4EA}.Release|Any CPU.ActiveCfg = Release|Any CPU
		{85F15C51-D61F-487D-B018-9AEB2478E4EA}.Release|Any CPU.Build.0 = Release|Any CPU
		{85F15C51-D61F-487D-B018-9AEB2478E4EA}.Release|x64.ActiveCfg = Release|Any CPU
		{85F15C51-D61F-487D-B018-9AEB2478E4EA}.Release|x64.Build.0 = Release|Any CPU
		{85F15C51-D61F-487D-B018-9AEB2478E4EA}.Release|x86.ActiveCfg = Release|Any CPU
		{85F15C51-D61F-487D-B018-9AEB2478E4EA}.Release|x86.Build.0 = Release|Any CPU
		{9BCE5EE8-43BA-418D-A1B1-A667E01E97D6}.Debug|Any CPU.ActiveCfg = Debug|Any CPU
		{9BCE5EE8-43BA-418D-A1B1-A667E01E97D6}.Debug|Any CPU.Build.0 = Debug|Any CPU
		{9BCE5EE8-43BA-418D-A1B1-A667E01E97D6}.Debug|x64.ActiveCfg = Debug|Any CPU
		{9BCE5EE8-43BA-418D-A1B1-A667E01E97D6}.Debug|x64.Build.0 = Debug|Any CPU
		{9BCE5EE8-43BA-418D-A1B1-A667E01E97D6}.Debug|x86.ActiveCfg = Debug|Any CPU
		{9BCE5EE8-43BA-418D-A1B1-A667E01E97D6}.Debug|x86.Build.0 = Debug|Any CPU
		{9BCE5EE8-43BA-418D-A1B1-A667E01E97D6}.Release|Any CPU.ActiveCfg = Release|Any CPU
		{9BCE5EE8-43BA-418D-A1B1-A667E01E97D6}.Release|Any CPU.Build.0 = Release|Any CPU
		{9BCE5EE8-43BA-418D-A1B1-A667E01E97D6}.Release|x64.ActiveCfg = Release|Any CPU
		{9BCE5EE8-43BA-418D-A1B1-A667E01E97D6}.Release|x64.Build.0 = Release|Any CPU
		{9BCE5EE8-43BA-418D-A1B1-A667E01E97D6}.Release|x86.ActiveCfg = Release|Any CPU
		{9BCE5EE8-43BA-418D-A1B1-A667E01E97D6}.Release|x86.Build.0 = Release|Any CPU
		{05A208B1-4414-4D7D-8FFA-C627C499FA28}.Debug|Any CPU.ActiveCfg = Debug|Any CPU
		{05A208B1-4414-4D7D-8FFA-C627C499FA28}.Debug|Any CPU.Build.0 = Debug|Any CPU
		{05A208B1-4414-4D7D-8FFA-C627C499FA28}.Debug|x64.ActiveCfg = Debug|Any CPU
		{05A208B1-4414-4D7D-8FFA-C627C499FA28}.Debug|x64.Build.0 = Debug|Any CPU
		{05A208B1-4414-4D7D-8FFA-C627C499FA28}.Debug|x86.ActiveCfg = Debug|Any CPU
		{05A208B1-4414-4D7D-8FFA-C627C499FA28}.Debug|x86.Build.0 = Debug|Any CPU
		{05A208B1-4414-4D7D-8FFA-C627C499FA28}.Release|Any CPU.ActiveCfg = Release|Any CPU
		{05A208B1-4414-4D7D-8FFA-C627C499FA28}.Release|Any CPU.Build.0 = Release|Any CPU
		{05A208B1-4414-4D7D-8FFA-C627C499FA28}.Release|x64.ActiveCfg = Release|Any CPU
		{05A208B1-4414-4D7D-8FFA-C627C499FA28}.Release|x64.Build.0 = Release|Any CPU
		{05A208B1-4414-4D7D-8FFA-C627C499FA28}.Release|x86.ActiveCfg = Release|Any CPU
		{05A208B1-4414-4D7D-8FFA-C627C499FA28}.Release|x86.Build.0 = Release|Any CPU
		{95065E8B-82AD-4F59-9D96-BAB3F71FF817}.Debug|Any CPU.ActiveCfg = Debug|Any CPU
		{95065E8B-82AD-4F59-9D96-BAB3F71FF817}.Debug|Any CPU.Build.0 = Debug|Any CPU
		{95065E8B-82AD-4F59-9D96-BAB3F71FF817}.Debug|x64.ActiveCfg = Debug|Any CPU
		{95065E8B-82AD-4F59-9D96-BAB3F71FF817}.Debug|x64.Build.0 = Debug|Any CPU
		{95065E8B-82AD-4F59-9D96-BAB3F71FF817}.Debug|x86.ActiveCfg = Debug|Any CPU
		{95065E8B-82AD-4F59-9D96-BAB3F71FF817}.Debug|x86.Build.0 = Debug|Any CPU
		{95065E8B-82AD-4F59-9D96-BAB3F71FF817}.Release|Any CPU.ActiveCfg = Release|Any CPU
		{95065E8B-82AD-4F59-9D96-BAB3F71FF817}.Release|Any CPU.Build.0 = Release|Any CPU
		{95065E8B-82AD-4F59-9D96-BAB3F71FF817}.Release|x64.ActiveCfg = Release|Any CPU
		{95065E8B-82AD-4F59-9D96-BAB3F71FF817}.Release|x64.Build.0 = Release|Any CPU
		{95065E8B-82AD-4F59-9D96-BAB3F71FF817}.Release|x86.ActiveCfg = Release|Any CPU
		{95065E8B-82AD-4F59-9D96-BAB3F71FF817}.Release|x86.Build.0 = Release|Any CPU
		{69175333-85EA-47ED-87B1-6810AC08229A}.Debug|Any CPU.ActiveCfg = Debug|Any CPU
		{69175333-85EA-47ED-87B1-6810AC08229A}.Debug|Any CPU.Build.0 = Debug|Any CPU
		{69175333-85EA-47ED-87B1-6810AC08229A}.Debug|x64.ActiveCfg = Debug|Any CPU
		{69175333-85EA-47ED-87B1-6810AC08229A}.Debug|x64.Build.0 = Debug|Any CPU
		{69175333-85EA-47ED-87B1-6810AC08229A}.Debug|x86.ActiveCfg = Debug|Any CPU
		{69175333-85EA-47ED-87B1-6810AC08229A}.Debug|x86.Build.0 = Debug|Any CPU
		{69175333-85EA-47ED-87B1-6810AC08229A}.Release|Any CPU.ActiveCfg = Release|Any CPU
		{69175333-85EA-47ED-87B1-6810AC08229A}.Release|Any CPU.Build.0 = Release|Any CPU
		{69175333-85EA-47ED-87B1-6810AC08229A}.Release|x64.ActiveCfg = Release|Any CPU
		{69175333-85EA-47ED-87B1-6810AC08229A}.Release|x64.Build.0 = Release|Any CPU
		{69175333-85EA-47ED-87B1-6810AC08229A}.Release|x86.ActiveCfg = Release|Any CPU
		{69175333-85EA-47ED-87B1-6810AC08229A}.Release|x86.Build.0 = Release|Any CPU
	EndGlobalSection
	GlobalSection(SolutionProperties) = preSolution
		HideSolutionNode = FALSE
	EndGlobalSection
	GlobalSection(NestedProjects) = preSolution
		{1E661164-A7F8-4273-AB9F-F8B9F28BD75F} = {18F3B9A7-EC4B-4C77-B5C1-A0E81B0DE1D9}
		{C8BA138C-6603-4FBC-8033-5F6ED9E3D6D8} = {18F3B9A7-EC4B-4C77-B5C1-A0E81B0DE1D9}
		{F707F9F7-8D82-47C3-A647-70841C12B645} = {18F3B9A7-EC4B-4C77-B5C1-A0E81B0DE1D9}
	EndGlobalSection
	GlobalSection(ExtensibilityGlobals) = postSolution
		SolutionGuid = {1B4AD862-E72F-4EE0-8635-83FD58C5B14A}
	EndGlobalSection
EndGlobal
